
Microsoft Visual Studio Solution File, Format Version 12.00
# Visual Studio Version 17
VisualStudioVersion = 17.10.34916.146
MinimumVisualStudioVersion = 10.0.40219.1
Project("{9A19103F-16F7-4668-BE54-9A1E7A4F7556}") = "BeeLineApi", "BeeLineApi\BeeLineApi.csproj", "{D6B3C8C6-D08D-4030-B911-EE21F210FE2A}"
EndProject
Project("{2150E333-8FDC-42A3-9474-1A3956D46DE8}") = "Solution Items", "Solution Items", "{FF75F695-DC84-4F15-874A-FFA1BD308707}"
	ProjectSection(SolutionItems) = preProject
		README.md = README.md
	EndProjectSection
EndProject
Global
	GlobalSection(SolutionConfigurationPlatforms) = preSolution
		Debug|Any CPU = Debug|Any CPU
		Release|Any CPU = Release|Any CPU
	EndGlobalSection
	GlobalSection(ProjectConfigurationPlatforms) = postSolution
		{D6B3C8C6-D08D-4030-B911-EE21F210FE2A}.Debug|Any CPU.ActiveCfg = Debug|Any CPU
		{D6B3C8C6-D08D-4030-B911-EE21F210FE2A}.Debug|Any CPU.Build.0 = Debug|Any CPU
		{D6B3C8C6-D08D-4030-B911-EE21F210FE2A}.Release|Any CPU.ActiveCfg = Release|Any CPU
		{D6B3C8C6-D08D-4030-B911-EE21F210FE2A}.Release|Any CPU.Build.0 = Release|Any CPU
	EndGlobalSection
	GlobalSection(SolutionProperties) = preSolution
		HideSolutionNode = FALSE
	EndGlobalSection
	GlobalSection(ExtensibilityGlobals) = postSolution
		SolutionGuid = {384F8238-0FF3-47D1-BB01-ACEDE3C11775}
	EndGlobalSection
EndGlobal
